
Microsoft Visual Studio Solution File, Format Version 12.00
# Visual Studio Version 16
VisualStudioVersion = 16.0.30717.126
MinimumVisualStudioVersion = 10.0.40219.1
Project("{9A19103F-16F7-4668-BE54-9A1E7A4F7556}") = "Sharpsy.App", "Sharpsy.App\Sharpsy.App.csproj", "{41935E50-B3B1-4319-B31C-1BB35B39346D}"
EndProject
Project("{00D1A9C2-B5F0-4AF3-8072-F6C62B433612}") = "Sharpsy.Sql", "Sharpsy.Sql\Sharpsy.Sql.sqlproj", "{6CA5ED37-E673-4B51-B122-7FAE6E788D3F}"
EndProject
Project("{9A19103F-16F7-4668-BE54-9A1E7A4F7556}") = "Sharpsy.Library", "Sharpsy.Library\Sharpsy.Library.csproj", "{36E06DF6-B57A-45ED-8860-F9C25AEE7962}"
EndProject
Project("{9A19103F-16F7-4668-BE54-9A1E7A4F7556}") = "Sharpsy.DataAccess", "Sharpsy.DataAccess\Sharpsy.DataAccess.csproj", "{F4924D62-421D-43E2-9410-CF7D8354E954}"
EndProject
Project("{FAE04EC0-301F-11D3-BF4B-00C04F79EFBC}") = "Sharpsy.Procedures", "Sharpsy.Procedures\Sharpsy.Procedures.csproj", "{8C7245B5-9A02-4F42-8BF9-0DFA620F04D9}"
EndProject
Global
	GlobalSection(SolutionConfigurationPlatforms) = preSolution
		Debug|Any CPU = Debug|Any CPU
		Release|Any CPU = Release|Any CPU
	EndGlobalSection
	GlobalSection(ProjectConfigurationPlatforms) = postSolution
		{41935E50-B3B1-4319-B31C-1BB35B39346D}.Debug|Any CPU.ActiveCfg = Debug|Any CPU
		{41935E50-B3B1-4319-B31C-1BB35B39346D}.Debug|Any CPU.Build.0 = Debug|Any CPU
		{41935E50-B3B1-4319-B31C-1BB35B39346D}.Release|Any CPU.ActiveCfg = Release|Any CPU
		{41935E50-B3B1-4319-B31C-1BB35B39346D}.Release|Any CPU.Build.0 = Release|Any CPU
		{6CA5ED37-E673-4B51-B122-7FAE6E788D3F}.Debug|Any CPU.ActiveCfg = Debug|Any CPU
		{6CA5ED37-E673-4B51-B122-7FAE6E788D3F}.Debug|Any CPU.Build.0 = Debug|Any CPU
		{6CA5ED37-E673-4B51-B122-7FAE6E788D3F}.Debug|Any CPU.Deploy.0 = Debug|Any CPU
		{6CA5ED37-E673-4B51-B122-7FAE6E788D3F}.Release|Any CPU.ActiveCfg = Release|Any CPU
		{6CA5ED37-E673-4B51-B122-7FAE6E788D3F}.Release|Any CPU.Build.0 = Release|Any CPU
		{6CA5ED37-E673-4B51-B122-7FAE6E788D3F}.Release|Any CPU.Deploy.0 = Release|Any CPU
		{36E06DF6-B57A-45ED-8860-F9C25AEE7962}.Debug|Any CPU.ActiveCfg = Debug|Any CPU
		{36E06DF6-B57A-45ED-8860-F9C25AEE7962}.Debug|Any CPU.Build.0 = Debug|Any CPU
		{36E06DF6-B57A-45ED-8860-F9C25AEE7962}.Release|Any CPU.ActiveCfg = Release|Any CPU
		{36E06DF6-B57A-45ED-8860-F9C25AEE7962}.Release|Any CPU.Build.0 = Release|Any CPU
		{F4924D62-421D-43E2-9410-CF7D8354E954}.Debug|Any CPU.ActiveCfg = Debug|Any CPU
		{F4924D62-421D-43E2-9410-CF7D8354E954}.Debug|Any CPU.Build.0 = Debug|Any CPU
		{F4924D62-421D-43E2-9410-CF7D8354E954}.Release|Any CPU.ActiveCfg = Release|Any CPU
		{F4924D62-421D-43E2-9410-CF7D8354E954}.Release|Any CPU.Build.0 = Release|Any CPU
		{8C7245B5-9A02-4F42-8BF9-0DFA620F04D9}.Debug|Any CPU.ActiveCfg = Debug|Any CPU
		{8C7245B5-9A02-4F42-8BF9-0DFA620F04D9}.Debug|Any CPU.Build.0 = Debug|Any CPU
		{8C7245B5-9A02-4F42-8BF9-0DFA620F04D9}.Release|Any CPU.ActiveCfg = Release|Any CPU
		{8C7245B5-9A02-4F42-8BF9-0DFA620F04D9}.Release|Any CPU.Build.0 = Release|Any CPU
	EndGlobalSection
	GlobalSection(SolutionProperties) = preSolution
		HideSolutionNode = FALSE
	EndGlobalSection
	GlobalSection(ExtensibilityGlobals) = postSolution
		SolutionGuid = {C50611C0-C2E1-424B-B493-E49F695F43A0}
	EndGlobalSection
EndGlobal
